// !$*UTF8*$!
{
	archiveVersion = 1;
	classes = {
	};
	objectVersion = 50;
	objects = {

/* Begin PBXBuildFile section */
		B7821A84212F8A6B0056B9B8 /* AppDelegate.swift in Sources */ = {isa = PBXBuildFile; fileRef = B7821A83212F8A6B0056B9B8 /* AppDelegate.swift */; };
		B7821A86212F8A6B0056B9B8 /* ViewController.swift in Sources */ = {isa = PBXBuildFile; fileRef = B7821A85212F8A6B0056B9B8 /* ViewController.swift */; };
		B7821A89212F8A6B0056B9B8 /* Main.storyboard in Resources */ = {isa = PBXBuildFile; fileRef = B7821A87212F8A6B0056B9B8 /* Main.storyboard */; };
		B7821A8B212F8A6D0056B9B8 /* Assets.xcassets in Resources */ = {isa = PBXBuildFile; fileRef = B7821A8A212F8A6D0056B9B8 /* Assets.xcassets */; };
		B7821A8E212F8A6D0056B9B8 /* LaunchScreen.storyboard in Resources */ = {isa = PBXBuildFile; fileRef = B7821A8C212F8A6D0056B9B8 /* LaunchScreen.storyboard */; };
		B7821A99212F8A6E0056B9B8 /* HelloWorldTests.swift in Sources */ = {isa = PBXBuildFile; fileRef = B7821A98212F8A6E0056B9B8 /* HelloWorldTests.swift */; };
		B7821AA4212F8A6E0056B9B8 /* HelloWorldUITests.swift in Sources */ = {isa = PBXBuildFile; fileRef = B7821AA3212F8A6E0056B9B8 /* HelloWorldUITests.swift */; };
/* End PBXBuildFile section */

/* Begin PBXContainerItemProxy section */
		B7821A95212F8A6E0056B9B8 /* PBXContainerItemProxy */ = {
			isa = PBXContainerItemProxy;
			containerPortal = B7821A78212F8A6B0056B9B8 /* Project object */;
			proxyType = 1;
			remoteGlobalIDString = B7821A7F212F8A6B0056B9B8;
			remoteInfo = HelloWorld;
		};
		B7821AA0212F8A6E0056B9B8 /* PBXContainerItemProxy */ = {
			isa = PBXContainerItemProxy;
			containerPortal = B7821A78212F8A6B0056B9B8 /* Project object */;
			proxyType = 1;
			remoteGlobalIDString = B7821A7F212F8A6B0056B9B8;
			remoteInfo = HelloWorld;
		};
/* End PBXContainerItemProxy section */

/* Begin PBXFileReference section */
		B7821A80212F8A6B0056B9B8 /* HelloWorld.app */ = {isa = PBXFileReference; explicitFileType = wrapper.application; includeInIndex = 0; path = HelloWorld.app; sourceTree = BUILT_PRODUCTS_DIR; };
		B7821A83212F8A6B0056B9B8 /* AppDelegate.swift */ = {isa = PBXFileReference; lastKnownFileType = sourcecode.swift; path = AppDelegate.swift; sourceTree = "<group>"; };
		B7821A85212F8A6B0056B9B8 /* ViewController.swift */ = {isa = PBXFileReference; lastKnownFileType = sourcecode.swift; path = ViewController.swift; sourceTree = "<group>"; };
		B7821A88212F8A6B0056B9B8 /* Base */ = {isa = PBXFileReference; lastKnownFileType = file.storyboard; name = Base; path = Base.lproj/Main.storyboard; sourceTree = "<group>"; };
		B7821A8A212F8A6D0056B9B8 /* Assets.xcassets */ = {isa = PBXFileReference; lastKnownFileType = folder.assetcatalog; path = Assets.xcassets; sourceTree = "<group>"; };
		B7821A8D212F8A6D0056B9B8 /* Base */ = {isa = PBXFileReference; lastKnownFileType = file.storyboard; name = Base; path = Base.lproj/LaunchScreen.storyboard; sourceTree = "<group>"; };
		B7821A8F212F8A6D0056B9B8 /* Info.plist */ = {isa = PBXFileReference; lastKnownFileType = text.plist.xml; path = Info.plist; sourceTree = "<group>"; };
		B7821A94212F8A6E0056B9B8 /* HelloWorldTests.xctest */ = {isa = PBXFileReference; explicitFileType = wrapper.cfbundle; includeInIndex = 0; path = HelloWorldTests.xctest; sourceTree = BUILT_PRODUCTS_DIR; };
		B7821A98212F8A6E0056B9B8 /* HelloWorldTests.swift */ = {isa = PBXFileReference; lastKnownFileType = sourcecode.swift; path = HelloWorldTests.swift; sourceTree = "<group>"; };
		B7821A9A212F8A6E0056B9B8 /* Info.plist */ = {isa = PBXFileReference; lastKnownFileType = text.plist.xml; path = Info.plist; sourceTree = "<group>"; };
		B7821A9F212F8A6E0056B9B8 /* HelloWorldUITests.xctest */ = {isa = PBXFileReference; explicitFileType = wrapper.cfbundle; includeInIndex = 0; path = HelloWorldUITests.xctest; sourceTree = BUILT_PRODUCTS_DIR; };
		B7821AA3212F8A6E0056B9B8 /* HelloWorldUITests.swift */ = {isa = PBXFileReference; lastKnownFileType = sourcecode.swift; path = HelloWorldUITests.swift; sourceTree = "<group>"; };
		B7821AA5212F8A6E0056B9B8 /* Info.plist */ = {isa = PBXFileReference; lastKnownFileType = text.plist.xml; path = Info.plist; sourceTree = "<group>"; };
/* End PBXFileReference section */

/* Begin PBXFrameworksBuildPhase section */
		B7821A7D212F8A6B0056B9B8 /* Frameworks */ = {
			isa = PBXFrameworksBuildPhase;
			buildActionMask = 2147483647;
			files = (
			);
			runOnlyForDeploymentPostprocessing = 0;
		};
		B7821A91212F8A6E0056B9B8 /* Frameworks */ = {
			isa = PBXFrameworksBuildPhase;
			buildActionMask = 2147483647;
			files = (
			);
			runOnlyForDeploymentPostprocessing = 0;
		};
		B7821A9C212F8A6E0056B9B8 /* Frameworks */ = {
			isa = PBXFrameworksBuildPhase;
			buildActionMask = 2147483647;
			files = (
			);
			runOnlyForDeploymentPostprocessing = 0;
		};
/* End PBXFrameworksBuildPhase section */

/* Begin PBXGroup section */
		B7821A77212F8A6B0056B9B8 = {
			isa = PBXGroup;
			children = (
				B7821A82212F8A6B0056B9B8 /* HelloWorld */,
				B7821A97212F8A6E0056B9B8 /* HelloWorldTests */,
				B7821AA2212F8A6E0056B9B8 /* HelloWorldUITests */,
				B7821A81212F8A6B0056B9B8 /* Products */,
			);
			sourceTree = "<group>";
		};
		B7821A81212F8A6B0056B9B8 /* Products */ = {
			isa = PBXGroup;
			children = (
				B7821A80212F8A6B0056B9B8 /* HelloWorld.app */,
				B7821A94212F8A6E0056B9B8 /* HelloWorldTests.xctest */,
				B7821A9F212F8A6E0056B9B8 /* HelloWorldUITests.xctest */,
			);
			name = Products;
			sourceTree = "<group>";
		};
		B7821A82212F8A6B0056B9B8 /* HelloWorld */ = {
			isa = PBXGroup;
			children = (
				B7821A83212F8A6B0056B9B8 /* AppDelegate.swift */,
				B7821A85212F8A6B0056B9B8 /* ViewController.swift */,
				B7821A87212F8A6B0056B9B8 /* Main.storyboard */,
				B7821A8A212F8A6D0056B9B8 /* Assets.xcassets */,
				B7821A8C212F8A6D0056B9B8 /* LaunchScreen.storyboard */,
				B7821A8F212F8A6D0056B9B8 /* Info.plist */,
			);
			path = HelloWorld;
			sourceTree = "<group>";
		};
		B7821A97212F8A6E0056B9B8 /* HelloWorldTests */ = {
			isa = PBXGroup;
			children = (
				B7821A98212F8A6E0056B9B8 /* HelloWorldTests.swift */,
				B7821A9A212F8A6E0056B9B8 /* Info.plist */,
			);
			path = HelloWorldTests;
			sourceTree = "<group>";
		};
		B7821AA2212F8A6E0056B9B8 /* HelloWorldUITests */ = {
			isa = PBXGroup;
			children = (
				B7821AA3212F8A6E0056B9B8 /* HelloWorldUITests.swift */,
				B7821AA5212F8A6E0056B9B8 /* Info.plist */,
			);
			path = HelloWorldUITests;
			sourceTree = "<group>";
		};
/* End PBXGroup section */

/* Begin PBXNativeTarget section */
		B7821A7F212F8A6B0056B9B8 /* HelloWorld */ = {
			isa = PBXNativeTarget;
			buildConfigurationList = B7821AA8212F8A6E0056B9B8 /* Build configuration list for PBXNativeTarget "HelloWorld" */;
			buildPhases = (
				B7821A7C212F8A6B0056B9B8 /* Sources */,
				B7821A7D212F8A6B0056B9B8 /* Frameworks */,
				B7821A7E212F8A6B0056B9B8 /* Resources */,
			);
			buildRules = (
			);
			dependencies = (
			);
			name = HelloWorld;
			productName = HelloWorld;
			productReference = B7821A80212F8A6B0056B9B8 /* HelloWorld.app */;
			productType = "com.apple.product-type.application";
		};
		B7821A93212F8A6E0056B9B8 /* HelloWorldTests */ = {
			isa = PBXNativeTarget;
			buildConfigurationList = B7821AAB212F8A6E0056B9B8 /* Build configuration list for PBXNativeTarget "HelloWorldTests" */;
			buildPhases = (
				B7821A90212F8A6E0056B9B8 /* Sources */,
				B7821A91212F8A6E0056B9B8 /* Frameworks */,
				B7821A92212F8A6E0056B9B8 /* Resources */,
			);
			buildRules = (
			);
			dependencies = (
				B7821A96212F8A6E0056B9B8 /* PBXTargetDependency */,
			);
			name = HelloWorldTests;
			productName = HelloWorldTests;
			productReference = B7821A94212F8A6E0056B9B8 /* HelloWorldTests.xctest */;
			productType = "com.apple.product-type.bundle.unit-test";
		};
		B7821A9E212F8A6E0056B9B8 /* HelloWorldUITests */ = {
			isa = PBXNativeTarget;
			buildConfigurationList = B7821AAE212F8A6E0056B9B8 /* Build configuration list for PBXNativeTarget "HelloWorldUITests" */;
			buildPhases = (
				B7821A9B212F8A6E0056B9B8 /* Sources */,
				B7821A9C212F8A6E0056B9B8 /* Frameworks */,
				B7821A9D212F8A6E0056B9B8 /* Resources */,
			);
			buildRules = (
			);
			dependencies = (
				B7821AA1212F8A6E0056B9B8 /* PBXTargetDependency */,
			);
			name = HelloWorldUITests;
			productName = HelloWorldUITests;
			productReference = B7821A9F212F8A6E0056B9B8 /* HelloWorldUITests.xctest */;
			productType = "com.apple.product-type.bundle.ui-testing";
		};
/* End PBXNativeTarget section */

/* Begin PBXProject section */
		B7821A78212F8A6B0056B9B8 /* Project object */ = {
			isa = PBXProject;
			attributes = {
				LastSwiftUpdateCheck = 0940;
				LastUpgradeCheck = 0940;
				ORGANIZATIONNAME = Talloo;
				TargetAttributes = {
					B7821A7F212F8A6B0056B9B8 = {
						CreatedOnToolsVersion = 9.4.1;
					};
					B7821A93212F8A6E0056B9B8 = {
						CreatedOnToolsVersion = 9.4.1;
						TestTargetID = B7821A7F212F8A6B0056B9B8;
					};
					B7821A9E212F8A6E0056B9B8 = {
						CreatedOnToolsVersion = 9.4.1;
						TestTargetID = B7821A7F212F8A6B0056B9B8;
					};
				};
			};
			buildConfigurationList = B7821A7B212F8A6B0056B9B8 /* Build configuration list for PBXProject "HelloWorld" */;
			compatibilityVersion = "Xcode 9.3";
			developmentRegion = en;
			hasScannedForEncodings = 0;
			knownRegions = (
				en,
				Base,
			);
			mainGroup = B7821A77212F8A6B0056B9B8;
			productRefGroup = B7821A81212F8A6B0056B9B8 /* Products */;
			projectDirPath = "";
			projectRoot = "";
			targets = (
				B7821A7F212F8A6B0056B9B8 /* HelloWorld */,
				B7821A93212F8A6E0056B9B8 /* HelloWorldTests */,
				B7821A9E212F8A6E0056B9B8 /* HelloWorldUITests */,
			);
		};
/* End PBXProject section */

/* Begin PBXResourcesBuildPhase section */
		B7821A7E212F8A6B0056B9B8 /* Resources */ = {
			isa = PBXResourcesBuildPhase;
			buildActionMask = 2147483647;
			files = (
				B7821A8E212F8A6D0056B9B8 /* LaunchScreen.storyboard in Resources */,
				B7821A8B212F8A6D0056B9B8 /* Assets.xcassets in Resources */,
				B7821A89212F8A6B0056B9B8 /* Main.storyboard in Resources */,
			);
			runOnlyForDeploymentPostprocessing = 0;
		};
		B7821A92212F8A6E0056B9B8 /* Resources */ = {
			isa = PBXResourcesBuildPhase;
			buildActionMask = 2147483647;
			files = (
			);
			runOnlyForDeploymentPostprocessing = 0;
		};
		B7821A9D212F8A6E0056B9B8 /* Resources */ = {
			isa = PBXResourcesBuildPhase;
			buildActionMask = 2147483647;
			files = (
			);
			runOnlyForDeploymentPostprocessing = 0;
		};
/* End PBXResourcesBuildPhase section */

/* Begin PBXSourcesBuildPhase section */
		B7821A7C212F8A6B0056B9B8 /* Sources */ = {
			isa = PBXSourcesBuildPhase;
			buildActionMask = 2147483647;
			files = (
				B7821A86212F8A6B0056B9B8 /* ViewController.swift in Sources */,
				B7821A84212F8A6B0056B9B8 /* AppDelegate.swift in Sources */,
			);
			runOnlyForDeploymentPostprocessing = 0;
		};
		B7821A90212F8A6E0056B9B8 /* Sources */ = {
			isa = PBXSourcesBuildPhase;
			buildActionMask = 2147483647;
			files = (
				B7821A99212F8A6E0056B9B8 /* HelloWorldTests.swift in Sources */,
			);
			runOnlyForDeploymentPostprocessing = 0;
		};
		B7821A9B212F8A6E0056B9B8 /* Sources */ = {
			isa = PBXSourcesBuildPhase;
			buildActionMask = 2147483647;
			files = (
				B7821AA4212F8A6E0056B9B8 /* HelloWorldUITests.swift in Sources */,
			);
			runOnlyForDeploymentPostprocessing = 0;
		};
/* End PBXSourcesBuildPhase section */

/* Begin PBXTargetDependency section */
		B7821A96212F8A6E0056B9B8 /* PBXTargetDependency */ = {
			isa = PBXTargetDependency;
			target = B7821A7F212F8A6B0056B9B8 /* HelloWorld */;
			targetProxy = B7821A95212F8A6E0056B9B8 /* PBXContainerItemProxy */;
		};
		B7821AA1212F8A6E0056B9B8 /* PBXTargetDependency */ = {
			isa = PBXTargetDependency;
			target = B7821A7F212F8A6B0056B9B8 /* HelloWorld */;
			targetProxy = B7821AA0212F8A6E0056B9B8 /* PBXContainerItemProxy */;
		};
/* End PBXTargetDependency section */

/* Begin PBXVariantGroup section */
		B7821A87212F8A6B0056B9B8 /* Main.storyboard */ = {
			isa = PBXVariantGroup;
			children = (
				B7821A88212F8A6B0056B9B8 /* Base */,
			);
			name = Main.storyboard;
			sourceTree = "<group>";
		};
		B7821A8C212F8A6D0056B9B8 /* LaunchScreen.storyboard */ = {
			isa = PBXVariantGroup;
			children = (
				B7821A8D212F8A6D0056B9B8 /* Base */,
			);
			name = LaunchScreen.storyboard;
			sourceTree = "<group>";
		};
/* End PBXVariantGroup section */

/* Begin XCBuildConfiguration section */
		B7821AA6212F8A6E0056B9B8 /* Debug */ = {
			isa = XCBuildConfiguration;
			buildSettings = {
				ALWAYS_SEARCH_USER_PATHS = NO;
				CLANG_ANALYZER_NONNULL = YES;
				CLANG_ANALYZER_NUMBER_OBJECT_CONVERSION = YES_AGGRESSIVE;
				CLANG_CXX_LANGUAGE_STANDARD = "gnu++14";
				CLANG_CXX_LIBRARY = "libc++";
				CLANG_ENABLE_MODULES = YES;
				CLANG_ENABLE_OBJC_ARC = YES;
				CLANG_ENABLE_OBJC_WEAK = YES;
				CLANG_WARN_BLOCK_CAPTURE_AUTORELEASING = YES;
				CLANG_WARN_BOOL_CONVERSION = YES;
				CLANG_WARN_COMMA = YES;
				CLANG_WARN_CONSTANT_CONVERSION = YES;
				CLANG_WARN_DEPRECATED_OBJC_IMPLEMENTATIONS = YES;
				CLANG_WARN_DIRECT_OBJC_ISA_USAGE = YES_ERROR;
				CLANG_WARN_DOCUMENTATION_COMMENTS = YES;
				CLANG_WARN_EMPTY_BODY = YES;
				CLANG_WARN_ENUM_CONVERSION = YES;
				CLANG_WARN_INFINITE_RECURSION = YES;
				CLANG_WARN_INT_CONVERSION = YES;
				CLANG_WARN_NON_LITERAL_NULL_CONVERSION = YES;
				CLANG_WARN_OBJC_IMPLICIT_RETAIN_SELF = YES;
				CLANG_WARN_OBJC_LITERAL_CONVERSION = YES;
				CLANG_WARN_OBJC_ROOT_CLASS = YES_ERROR;
				CLANG_WARN_RANGE_LOOP_ANALYSIS = YES;
				CLANG_WARN_STRICT_PROTOTYPES = YES;
				CLANG_WARN_SUSPICIOUS_MOVE = YES;
				CLANG_WARN_UNGUARDED_AVAILABILITY = YES_AGGRESSIVE;
				CLANG_WARN_UNREACHABLE_CODE = YES;
				CLANG_WARN__DUPLICATE_METHOD_MATCH = YES;
				CODE_SIGN_IDENTITY = "iPhone Developer";
				COPY_PHASE_STRIP = NO;
				DEBUG_INFORMATION_FORMAT = dwarf;
				ENABLE_STRICT_OBJC_MSGSEND = YES;
				ENABLE_TESTABILITY = YES;
				GCC_C_LANGUAGE_STANDARD = gnu11;
				GCC_DYNAMIC_NO_PIC = NO;
				GCC_NO_COMMON_BLOCKS = YES;
				GCC_OPTIMIZATION_LEVEL = 0;
				GCC_PREPROCESSOR_DEFINITIONS = (
					"DEBUG=1",
					"$(inherited)",
				);
				GCC_WARN_64_TO_32_BIT_CONVERSION = YES;
				GCC_WARN_ABOUT_RETURN_TYPE = YES_ERROR;
				GCC_WARN_UNDECLARED_SELECTOR = YES;
				GCC_WARN_UNINITIALIZED_AUTOS = YES_AGGRESSIVE;
				GCC_WARN_UNUSED_FUNCTION = YES;
				GCC_WARN_UNUSED_VARIABLE = YES;
				IPHONEOS_DEPLOYMENT_TARGET = 11.4;
				MTL_ENABLE_DEBUG_INFO = YES;
				ONLY_ACTIVE_ARCH = YES;
				SDKROOT = iphoneos;
				SWIFT_ACTIVE_COMPILATION_CONDITIONS = DEBUG;
				SWIFT_OPTIMIZATION_LEVEL = "-Onone";
			};
			name = Debug;
		};
		B7821AA7212F8A6E0056B9B8 /* Release */ = {
			isa = XCBuildConfiguration;
			buildSettings = {
				ALWAYS_SEARCH_USER_PATHS = NO;
				CLANG_ANALYZER_NONNULL = YES;
				CLANG_ANALYZER_NUMBER_OBJECT_CONVERSION = YES_AGGRESSIVE;
				CLANG_CXX_LANGUAGE_STANDARD = "gnu++14";
				CLANG_CXX_LIBRARY = "libc++";
				CLANG_ENABLE_MODULES = YES;
				CLANG_ENABLE_OBJC_ARC = YES;
				CLANG_ENABLE_OBJC_WEAK = YES;
				CLANG_WARN_BLOCK_CAPTURE_AUTORELEASING = YES;
				CLANG_WARN_BOOL_CONVERSION = YES;
				CLANG_WARN_COMMA = YES;
				CLANG_WARN_CONSTANT_CONVERSION = YES;
				CLANG_WARN_DEPRECATED_OBJC_IMPLEMENTATIONS = YES;
				CLANG_WARN_DIRECT_OBJC_ISA_USAGE = YES_ERROR;
				CLANG_WARN_DOCUMENTATION_COMMENTS = YES;
				CLANG_WARN_EMPTY_BODY = YES;
				CLANG_WARN_ENUM_CONVERSION = YES;
				CLANG_WARN_INFINITE_RECURSION = YES;
				CLANG_WARN_INT_CONVERSION = YES;
				CLANG_WARN_NON_LITERAL_NULL_CONVERSION = YES;
				CLANG_WARN_OBJC_IMPLICIT_RETAIN_SELF = YES;
				CLANG_WARN_OBJC_LITERAL_CONVERSION = YES;
				CLANG_WARN_OBJC_ROOT_CLASS = YES_ERROR;
				CLANG_WARN_RANGE_LOOP_ANALYSIS = YES;
				CLANG_WARN_STRICT_PROTOTYPES = YES;
				CLANG_WARN_SUSPICIOUS_MOVE = YES;
				CLANG_WARN_UNGUARDED_AVAILABILITY = YES_AGGRESSIVE;
				CLANG_WARN_UNREACHABLE_CODE = YES;
				CLANG_WARN__DUPLICATE_METHOD_MATCH = YES;
				CODE_SIGN_IDENTITY = "iPhone Developer";
				COPY_PHASE_STRIP = NO;
				DEBUG_INFORMATION_FORMAT = "dwarf-with-dsym";
				ENABLE_NS_ASSERTIONS = NO;
				ENABLE_STRICT_OBJC_MSGSEND = YES;
				GCC_C_LANGUAGE_STANDARD = gnu11;
				GCC_NO_COMMON_BLOCKS = YES;
				GCC_WARN_64_TO_32_BIT_CONVERSION = YES;
				GCC_WARN_ABOUT_RETURN_TYPE = YES_ERROR;
				GCC_WARN_UNDECLARED_SELECTOR = YES;
				GCC_WARN_UNINITIALIZED_AUTOS = YES_AGGRESSIVE;
				GCC_WARN_UNUSED_FUNCTION = YES;
				GCC_WARN_UNUSED_VARIABLE = YES;
				IPHONEOS_DEPLOYMENT_TARGET = 11.4;
				MTL_ENABLE_DEBUG_INFO = NO;
				SDKROOT = iphoneos;
				SWIFT_COMPILATION_MODE = wholemodule;
				SWIFT_OPTIMIZATION_LEVEL = "-O";
				VALIDATE_PRODUCT = YES;
			};
			name = Release;
		};
		B7821AA9212F8A6E0056B9B8 /* Debug */ = {
			isa = XCBuildConfiguration;
			buildSettings = {
				ASSETCATALOG_COMPILER_APPICON_NAME = AppIcon;
				CODE_SIGN_STYLE = Automatic;
				INFOPLIST_FILE = HelloWorld/Info.plist;
				LD_RUNPATH_SEARCH_PATHS = (
					"$(inherited)",
					"@executable_path/Frameworks",
				);
				PRODUCT_BUNDLE_IDENTIFIER = edu.boisestate.HelloWorld;
				PRODUCT_NAME = "$(TARGET_NAME)";
				SWIFT_VERSION = 4.0;
				TARGETED_DEVICE_FAMILY = "1,2";
			};
			name = Debug;
		};
		B7821AAA212F8A6E0056B9B8 /* Release */ = {
			isa = XCBuildConfiguration;
			buildSettings = {
				ASSETCATALOG_COMPILER_APPICON_NAME = AppIcon;
				CODE_SIGN_STYLE = Automatic;
				INFOPLIST_FILE = HelloWorld/Info.plist;
				LD_RUNPATH_SEARCH_PATHS = (
					"$(inherited)",
					"@executable_path/Frameworks",
				);
				PRODUCT_BUNDLE_IDENTIFIER = edu.boisestate.HelloWorld;
				PRODUCT_NAME = "$(TARGET_NAME)";
				SWIFT_VERSION = 4.0;
				TARGETED_DEVICE_FAMILY = "1,2";
			};
			name = Release;
		};
		B7821AAC212F8A6E0056B9B8 /* Debug */ = {
			isa = XCBuildConfiguration;
			buildSettings = {
				ALWAYS_EMBED_SWIFT_STANDARD_LIBRARIES = YES;
				BUNDLE_LOADER = "$(TEST_HOST)";
				CODE_SIGN_STYLE = Automatic;
				INFOPLIST_FILE = HelloWorldTests/Info.plist;
				LD_RUNPATH_SEARCH_PATHS = (
					"$(inherited)",
					"@executable_path/Frameworks",
					"@loader_path/Frameworks",
				);
				PRODUCT_BUNDLE_IDENTIFIER = edu.boisestate.HelloWorldTests;
				PRODUCT_NAME = "$(TARGET_NAME)";
				SWIFT_VERSION = 4.0;
				TARGETED_DEVICE_FAMILY = "1,2";
				TEST_HOST = "$(BUILT_PRODUCTS_DIR)/HelloWorld.app/HelloWorld";
			};
			name = Debug;
		};
		B7821AAD212F8A6E0056B9B8 /* Release */ = {
			isa = XCBuildConfiguration;
			buildSettings = {
				ALWAYS_EMBED_SWIFT_STANDARD_LIBRARIES = YES;
				BUNDLE_LOADER = "$(TEST_HOST)";
				CODE_SIGN_STYLE = Automatic;
				INFOPLIST_FILE = HelloWorldTests/Info.plist;
				LD_RUNPATH_SEARCH_PATHS = (
					"$(inherited)",
					"@executable_path/Frameworks",
					"@loader_path/Frameworks",
				);
				PRODUCT_BUNDLE_IDENTIFIER = edu.boisestate.HelloWorldTests;
				PRODUCT_NAME = "$(TARGET_NAME)";
				SWIFT_VERSION = 4.0;
				TARGETED_DEVICE_FAMILY = "1,2";
				TEST_HOST = "$(BUILT_PRODUCTS_DIR)/HelloWorld.app/HelloWorld";
			};
			name = Release;
		};
		B7821AAF212F8A6E0056B9B8 /* Debug */ = {
			isa = XCBuildConfiguration;
			buildSettings = {
				ALWAYS_EMBED_SWIFT_STANDARD_LIBRARIES = YES;
				CODE_SIGN_STYLE = Automatic;
				INFOPLIST_FILE = HelloWorldUITests/Info.plist;
				LD_RUNPATH_SEARCH_PATHS = (
					"$(inherited)",
					"@executable_path/Frameworks",
					"@loader_path/Frameworks",
				);
				PRODUCT_BUNDLE_IDENTIFIER = edu.boisestate.HelloWorldUITests;
				PRODUCT_NAME = "$(TARGET_NAME)";
				SWIFT_VERSION = 4.0;
				TARGETED_DEVICE_FAMILY = "1,2";
				TEST_TARGET_NAME = HelloWorld;
			};
			name = Debug;
		};
		B7821AB0212F8A6E0056B9B8 /* Release */ = {
			isa = XCBuildConfiguration;
			buildSettings = {
				ALWAYS_EMBED_SWIFT_STANDARD_LIBRARIES = YES;
				CODE_SIGN_STYLE = Automatic;
				INFOPLIST_FILE = HelloWorldUITests/Info.plist;
				LD_RUNPATH_SEARCH_PATHS = (
					"$(inherited)",
					"@executable_path/Frameworks",
					"@loader_path/Frameworks",
				);
				PRODUCT_BUNDLE_IDENTIFIER = edu.boisestate.HelloWorldUITests;
				PRODUCT_NAME = "$(TARGET_NAME)";
				SWIFT_VERSION = 4.0;
				TARGETED_DEVICE_FAMILY = "1,2";
				TEST_TARGET_NAME = HelloWorld;
			};
			name = Release;
		};
/* End XCBuildConfiguration section */

/* Begin XCConfigurationList section */
		B7821A7B212F8A6B0056B9B8 /* Build configuration list for PBXProject "HelloWorld" */ = {
			isa = XCConfigurationList;
			buildConfigurations = (
				B7821AA6212F8A6E0056B9B8 /* Debug */,
				B7821AA7212F8A6E0056B9B8 /* Release */,
			);
			defaultConfigurationIsVisible = 0;
			defaultConfigurationName = Release;
		};
		B7821AA8212F8A6E0056B9B8 /* Build configuration list for PBXNativeTarget "HelloWorld" */ = {
			isa = XCConfigurationList;
			buildConfigurations = (
				B7821AA9212F8A6E0056B9B8 /* Debug */,
				B7821AAA212F8A6E0056B9B8 /* Release */,
			);
			defaultConfigurationIsVisible = 0;
			defaultConfigurationName = Release;
		};
		B7821AAB212F8A6E0056B9B8 /* Build configuration list for PBXNativeTarget "HelloWorldTests" */ = {
			isa = XCConfigurationList;
			buildConfigurations = (
				B7821AAC212F8A6E0056B9B8 /* Debug */,
				B7821AAD212F8A6E0056B9B8 /* Release */,
			);
			defaultConfigurationIsVisible = 0;
			defaultConfigurationName = Release;
		};
		B7821AAE212F8A6E0056B9B8 /* Build configuration list for PBXNativeTarget "HelloWorldUITests" */ = {
			isa = XCConfigurationList;
			buildConfigurations = (
				B7821AAF212F8A6E0056B9B8 /* Debug */,
				B7821AB0212F8A6E0056B9B8 /* Release */,
			);
			defaultConfigurationIsVisible = 0;
			defaultConfigurationName = Release;
		};
/* End XCConfigurationList section */
	};
	rootObject = B7821A78212F8A6B0056B9B8 /* Project object */;
}
