// !$*UTF8*$!
{
	archiveVersion = 1;
	classes = {
	};
	objectVersion = 50;
	objects = {

/* Begin PBXBuildFile section */
		16F57B0B3AEEA1E9CBBD4AF4 /* Pods_FirstRealAppTests.framework in Frameworks */ = {isa = PBXBuildFile; fileRef = D6941C65BFE5C7F2F9ABFD53 /* Pods_FirstRealAppTests.framework */; };
		1B680DC8E92EA1C81CFAC087 /* Pods_FirstRealAppUITests.framework in Frameworks */ = {isa = PBXBuildFile; fileRef = E442A61B86B47606846DDDAB /* Pods_FirstRealAppUITests.framework */; };
		B7BCAB002148969500DCCE3C /* AppDelegate.swift in Sources */ = {isa = PBXBuildFile; fileRef = B7BCAAFF2148969500DCCE3C /* AppDelegate.swift */; };
		B7BCAB022148969500DCCE3C /* MapViewController.swift in Sources */ = {isa = PBXBuildFile; fileRef = B7BCAB012148969500DCCE3C /* MapViewController.swift */; };
		B7BCAB042148969500DCCE3C /* ListViewController.swift in Sources */ = {isa = PBXBuildFile; fileRef = B7BCAB032148969500DCCE3C /* ListViewController.swift */; };
		B7BCAB072148969500DCCE3C /* Main.storyboard in Resources */ = {isa = PBXBuildFile; fileRef = B7BCAB052148969500DCCE3C /* Main.storyboard */; };
		B7BCAB092148969800DCCE3C /* Assets.xcassets in Resources */ = {isa = PBXBuildFile; fileRef = B7BCAB082148969800DCCE3C /* Assets.xcassets */; };
		B7BCAB0C2148969800DCCE3C /* LaunchScreen.storyboard in Resources */ = {isa = PBXBuildFile; fileRef = B7BCAB0A2148969800DCCE3C /* LaunchScreen.storyboard */; };
		B7BCAB172148969800DCCE3C /* FirstRealAppTests.swift in Sources */ = {isa = PBXBuildFile; fileRef = B7BCAB162148969800DCCE3C /* FirstRealAppTests.swift */; };
		B7BCAB222148969800DCCE3C /* FirstRealAppUITests.swift in Sources */ = {isa = PBXBuildFile; fileRef = B7BCAB212148969800DCCE3C /* FirstRealAppUITests.swift */; };
		B7BCAB3021489A7400DCCE3C /* RestaurantsController.swift in Sources */ = {isa = PBXBuildFile; fileRef = B7BCAB2F21489A7400DCCE3C /* RestaurantsController.swift */; };
		B7BCAB3221489AA900DCCE3C /* Restaurant.swift in Sources */ = {isa = PBXBuildFile; fileRef = B7BCAB3121489AA900DCCE3C /* Restaurant.swift */; };
		B7BCAB3421489D6D00DCCE3C /* LoginViewController.swift in Sources */ = {isa = PBXBuildFile; fileRef = B7BCAB3321489D6D00DCCE3C /* LoginViewController.swift */; };
		B7BCAB3621489DB300DCCE3C /* MainViewController.swift in Sources */ = {isa = PBXBuildFile; fileRef = B7BCAB3521489DB300DCCE3C /* MainViewController.swift */; };
		DB280228E06F14792E680E69 /* Pods_FirstRealApp.framework in Frameworks */ = {isa = PBXBuildFile; fileRef = 073E650EBE1E61C2B38A27D2 /* Pods_FirstRealApp.framework */; };
/* End PBXBuildFile section */

/* Begin PBXContainerItemProxy section */
		B7BCAB132148969800DCCE3C /* PBXContainerItemProxy */ = {
			isa = PBXContainerItemProxy;
			containerPortal = B7BCAAF42148969500DCCE3C /* Project object */;
			proxyType = 1;
			remoteGlobalIDString = B7BCAAFB2148969500DCCE3C;
			remoteInfo = FirstRealApp;
		};
		B7BCAB1E2148969800DCCE3C /* PBXContainerItemProxy */ = {
			isa = PBXContainerItemProxy;
			containerPortal = B7BCAAF42148969500DCCE3C /* Project object */;
			proxyType = 1;
			remoteGlobalIDString = B7BCAAFB2148969500DCCE3C;
			remoteInfo = FirstRealApp;
		};
/* End PBXContainerItemProxy section */

/* Begin PBXFileReference section */
		07341C30250BF01B1C33FD7C /* Pods-FirstRealApp.debug.xcconfig */ = {isa = PBXFileReference; includeInIndex = 1; lastKnownFileType = text.xcconfig; name = "Pods-FirstRealApp.debug.xcconfig"; path = "Pods/Target Support Files/Pods-FirstRealApp/Pods-FirstRealApp.debug.xcconfig"; sourceTree = "<group>"; };
		073E650EBE1E61C2B38A27D2 /* Pods_FirstRealApp.framework */ = {isa = PBXFileReference; explicitFileType = wrapper.framework; includeInIndex = 0; path = Pods_FirstRealApp.framework; sourceTree = BUILT_PRODUCTS_DIR; };
		46B26064EE29A2241DA0A8BA /* Pods-FirstRealAppUITests.release.xcconfig */ = {isa = PBXFileReference; includeInIndex = 1; lastKnownFileType = text.xcconfig; name = "Pods-FirstRealAppUITests.release.xcconfig"; path = "Pods/Target Support Files/Pods-FirstRealAppUITests/Pods-FirstRealAppUITests.release.xcconfig"; sourceTree = "<group>"; };
		5C291998D10390BDFA4D65C8 /* Pods-FirstRealAppTests.debug.xcconfig */ = {isa = PBXFileReference; includeInIndex = 1; lastKnownFileType = text.xcconfig; name = "Pods-FirstRealAppTests.debug.xcconfig"; path = "Pods/Target Support Files/Pods-FirstRealAppTests/Pods-FirstRealAppTests.debug.xcconfig"; sourceTree = "<group>"; };
		B7BCAAFC2148969500DCCE3C /* FirstRealApp.app */ = {isa = PBXFileReference; explicitFileType = wrapper.application; includeInIndex = 0; path = FirstRealApp.app; sourceTree = BUILT_PRODUCTS_DIR; };
		B7BCAAFF2148969500DCCE3C /* AppDelegate.swift */ = {isa = PBXFileReference; lastKnownFileType = sourcecode.swift; path = AppDelegate.swift; sourceTree = "<group>"; };
		B7BCAB012148969500DCCE3C /* MapViewController.swift */ = {isa = PBXFileReference; lastKnownFileType = sourcecode.swift; path = MapViewController.swift; sourceTree = "<group>"; };
		B7BCAB032148969500DCCE3C /* ListViewController.swift */ = {isa = PBXFileReference; lastKnownFileType = sourcecode.swift; path = ListViewController.swift; sourceTree = "<group>"; };
		B7BCAB062148969500DCCE3C /* Base */ = {isa = PBXFileReference; lastKnownFileType = file.storyboard; name = Base; path = Base.lproj/Main.storyboard; sourceTree = "<group>"; };
		B7BCAB082148969800DCCE3C /* Assets.xcassets */ = {isa = PBXFileReference; lastKnownFileType = folder.assetcatalog; path = Assets.xcassets; sourceTree = "<group>"; };
		B7BCAB0B2148969800DCCE3C /* Base */ = {isa = PBXFileReference; lastKnownFileType = file.storyboard; name = Base; path = Base.lproj/LaunchScreen.storyboard; sourceTree = "<group>"; };
		B7BCAB0D2148969800DCCE3C /* Info.plist */ = {isa = PBXFileReference; lastKnownFileType = text.plist.xml; path = Info.plist; sourceTree = "<group>"; };
		B7BCAB122148969800DCCE3C /* FirstRealAppTests.xctest */ = {isa = PBXFileReference; explicitFileType = wrapper.cfbundle; includeInIndex = 0; path = FirstRealAppTests.xctest; sourceTree = BUILT_PRODUCTS_DIR; };
		B7BCAB162148969800DCCE3C /* FirstRealAppTests.swift */ = {isa = PBXFileReference; lastKnownFileType = sourcecode.swift; path = FirstRealAppTests.swift; sourceTree = "<group>"; };
		B7BCAB182148969800DCCE3C /* Info.plist */ = {isa = PBXFileReference; lastKnownFileType = text.plist.xml; path = Info.plist; sourceTree = "<group>"; };
		B7BCAB1D2148969800DCCE3C /* FirstRealAppUITests.xctest */ = {isa = PBXFileReference; explicitFileType = wrapper.cfbundle; includeInIndex = 0; path = FirstRealAppUITests.xctest; sourceTree = BUILT_PRODUCTS_DIR; };
		B7BCAB212148969800DCCE3C /* FirstRealAppUITests.swift */ = {isa = PBXFileReference; lastKnownFileType = sourcecode.swift; path = FirstRealAppUITests.swift; sourceTree = "<group>"; };
		B7BCAB232148969800DCCE3C /* Info.plist */ = {isa = PBXFileReference; lastKnownFileType = text.plist.xml; path = Info.plist; sourceTree = "<group>"; };
		B7BCAB2F21489A7400DCCE3C /* RestaurantsController.swift */ = {isa = PBXFileReference; lastKnownFileType = sourcecode.swift; path = RestaurantsController.swift; sourceTree = "<group>"; };
		B7BCAB3121489AA900DCCE3C /* Restaurant.swift */ = {isa = PBXFileReference; lastKnownFileType = sourcecode.swift; path = Restaurant.swift; sourceTree = "<group>"; };
		B7BCAB3321489D6D00DCCE3C /* LoginViewController.swift */ = {isa = PBXFileReference; lastKnownFileType = sourcecode.swift; path = LoginViewController.swift; sourceTree = "<group>"; };
		B7BCAB3521489DB300DCCE3C /* MainViewController.swift */ = {isa = PBXFileReference; lastKnownFileType = sourcecode.swift; path = MainViewController.swift; sourceTree = "<group>"; };
		D6941C65BFE5C7F2F9ABFD53 /* Pods_FirstRealAppTests.framework */ = {isa = PBXFileReference; explicitFileType = wrapper.framework; includeInIndex = 0; path = Pods_FirstRealAppTests.framework; sourceTree = BUILT_PRODUCTS_DIR; };
		E442A61B86B47606846DDDAB /* Pods_FirstRealAppUITests.framework */ = {isa = PBXFileReference; explicitFileType = wrapper.framework; includeInIndex = 0; path = Pods_FirstRealAppUITests.framework; sourceTree = BUILT_PRODUCTS_DIR; };
		F3108FEAFFDF671E7DE756CE /* Pods-FirstRealApp.release.xcconfig */ = {isa = PBXFileReference; includeInIndex = 1; lastKnownFileType = text.xcconfig; name = "Pods-FirstRealApp.release.xcconfig"; path = "Pods/Target Support Files/Pods-FirstRealApp/Pods-FirstRealApp.release.xcconfig"; sourceTree = "<group>"; };
		F34801063CC9DA79866C0BB1 /* Pods-FirstRealAppTests.release.xcconfig */ = {isa = PBXFileReference; includeInIndex = 1; lastKnownFileType = text.xcconfig; name = "Pods-FirstRealAppTests.release.xcconfig"; path = "Pods/Target Support Files/Pods-FirstRealAppTests/Pods-FirstRealAppTests.release.xcconfig"; sourceTree = "<group>"; };
		FE06B58DAC9B31D17C8385D3 /* Pods-FirstRealAppUITests.debug.xcconfig */ = {isa = PBXFileReference; includeInIndex = 1; lastKnownFileType = text.xcconfig; name = "Pods-FirstRealAppUITests.debug.xcconfig"; path = "Pods/Target Support Files/Pods-FirstRealAppUITests/Pods-FirstRealAppUITests.debug.xcconfig"; sourceTree = "<group>"; };
/* End PBXFileReference section */

/* Begin PBXFrameworksBuildPhase section */
		B7BCAAF92148969500DCCE3C /* Frameworks */ = {
			isa = PBXFrameworksBuildPhase;
			buildActionMask = 2147483647;
			files = (
				DB280228E06F14792E680E69 /* Pods_FirstRealApp.framework in Frameworks */,
			);
			runOnlyForDeploymentPostprocessing = 0;
		};
		B7BCAB0F2148969800DCCE3C /* Frameworks */ = {
			isa = PBXFrameworksBuildPhase;
			buildActionMask = 2147483647;
			files = (
				16F57B0B3AEEA1E9CBBD4AF4 /* Pods_FirstRealAppTests.framework in Frameworks */,
			);
			runOnlyForDeploymentPostprocessing = 0;
		};
		B7BCAB1A2148969800DCCE3C /* Frameworks */ = {
			isa = PBXFrameworksBuildPhase;
			buildActionMask = 2147483647;
			files = (
				1B680DC8E92EA1C81CFAC087 /* Pods_FirstRealAppUITests.framework in Frameworks */,
			);
			runOnlyForDeploymentPostprocessing = 0;
		};
/* End PBXFrameworksBuildPhase section */

/* Begin PBXGroup section */
		7467A1925ECD2158F755CE87 /* Frameworks */ = {
			isa = PBXGroup;
			children = (
				073E650EBE1E61C2B38A27D2 /* Pods_FirstRealApp.framework */,
				D6941C65BFE5C7F2F9ABFD53 /* Pods_FirstRealAppTests.framework */,
				E442A61B86B47606846DDDAB /* Pods_FirstRealAppUITests.framework */,
			);
			name = Frameworks;
			sourceTree = "<group>";
		};
		A07ADB989A53667B92923235 /* Pods */ = {
			isa = PBXGroup;
			children = (
				07341C30250BF01B1C33FD7C /* Pods-FirstRealApp.debug.xcconfig */,
				F3108FEAFFDF671E7DE756CE /* Pods-FirstRealApp.release.xcconfig */,
				5C291998D10390BDFA4D65C8 /* Pods-FirstRealAppTests.debug.xcconfig */,
				F34801063CC9DA79866C0BB1 /* Pods-FirstRealAppTests.release.xcconfig */,
				FE06B58DAC9B31D17C8385D3 /* Pods-FirstRealAppUITests.debug.xcconfig */,
				46B26064EE29A2241DA0A8BA /* Pods-FirstRealAppUITests.release.xcconfig */,
			);
			name = Pods;
			sourceTree = "<group>";
		};
		B7BCAAF32148969500DCCE3C = {
			isa = PBXGroup;
			children = (
				B7BCAAFE2148969500DCCE3C /* FirstRealApp */,
				B7BCAB152148969800DCCE3C /* FirstRealAppTests */,
				B7BCAB202148969800DCCE3C /* FirstRealAppUITests */,
				B7BCAAFD2148969500DCCE3C /* Products */,
				A07ADB989A53667B92923235 /* Pods */,
				7467A1925ECD2158F755CE87 /* Frameworks */,
			);
			sourceTree = "<group>";
		};
		B7BCAAFD2148969500DCCE3C /* Products */ = {
			isa = PBXGroup;
			children = (
				B7BCAAFC2148969500DCCE3C /* FirstRealApp.app */,
				B7BCAB122148969800DCCE3C /* FirstRealAppTests.xctest */,
				B7BCAB1D2148969800DCCE3C /* FirstRealAppUITests.xctest */,
			);
			name = Products;
			sourceTree = "<group>";
		};
		B7BCAAFE2148969500DCCE3C /* FirstRealApp */ = {
			isa = PBXGroup;
			children = (
				B7BCAAFF2148969500DCCE3C /* AppDelegate.swift */,
				B7BCAB012148969500DCCE3C /* MapViewController.swift */,
				B7BCAB032148969500DCCE3C /* ListViewController.swift */,
				B7BCAB2F21489A7400DCCE3C /* RestaurantsController.swift */,
				B7BCAB3321489D6D00DCCE3C /* LoginViewController.swift */,
				B7BCAB3521489DB300DCCE3C /* MainViewController.swift */,
				B7BCAB3121489AA900DCCE3C /* Restaurant.swift */,
				B7BCAB052148969500DCCE3C /* Main.storyboard */,
				B7BCAB082148969800DCCE3C /* Assets.xcassets */,
				B7BCAB0A2148969800DCCE3C /* LaunchScreen.storyboard */,
				B7BCAB0D2148969800DCCE3C /* Info.plist */,
			);
			path = FirstRealApp;
			sourceTree = "<group>";
		};
		B7BCAB152148969800DCCE3C /* FirstRealAppTests */ = {
			isa = PBXGroup;
			children = (
				B7BCAB162148969800DCCE3C /* FirstRealAppTests.swift */,
				B7BCAB182148969800DCCE3C /* Info.plist */,
			);
			path = FirstRealAppTests;
			sourceTree = "<group>";
		};
		B7BCAB202148969800DCCE3C /* FirstRealAppUITests */ = {
			isa = PBXGroup;
			children = (
				B7BCAB212148969800DCCE3C /* FirstRealAppUITests.swift */,
				B7BCAB232148969800DCCE3C /* Info.plist */,
			);
			path = FirstRealAppUITests;
			sourceTree = "<group>";
		};
/* End PBXGroup section */

/* Begin PBXNativeTarget section */
		B7BCAAFB2148969500DCCE3C /* FirstRealApp */ = {
			isa = PBXNativeTarget;
			buildConfigurationList = B7BCAB262148969800DCCE3C /* Build configuration list for PBXNativeTarget "FirstRealApp" */;
			buildPhases = (
				FD9D7816F2AC0226468DA7EF /* [CP] Check Pods Manifest.lock */,
				B7BCAAF82148969500DCCE3C /* Sources */,
				B7BCAAF92148969500DCCE3C /* Frameworks */,
				B7BCAAFA2148969500DCCE3C /* Resources */,
				6C941962A6DDA43F834EC551 /* [CP] Embed Pods Frameworks */,
			);
			buildRules = (
			);
			dependencies = (
			);
			name = FirstRealApp;
			productName = FirstRealApp;
			productReference = B7BCAAFC2148969500DCCE3C /* FirstRealApp.app */;
			productType = "com.apple.product-type.application";
		};
		B7BCAB112148969800DCCE3C /* FirstRealAppTests */ = {
			isa = PBXNativeTarget;
			buildConfigurationList = B7BCAB292148969800DCCE3C /* Build configuration list for PBXNativeTarget "FirstRealAppTests" */;
			buildPhases = (
				8AC4BE583CCDF7B15C9B6A2B /* [CP] Check Pods Manifest.lock */,
				B7BCAB0E2148969800DCCE3C /* Sources */,
				B7BCAB0F2148969800DCCE3C /* Frameworks */,
				B7BCAB102148969800DCCE3C /* Resources */,
			);
			buildRules = (
			);
			dependencies = (
				B7BCAB142148969800DCCE3C /* PBXTargetDependency */,
			);
			name = FirstRealAppTests;
			productName = FirstRealAppTests;
			productReference = B7BCAB122148969800DCCE3C /* FirstRealAppTests.xctest */;
			productType = "com.apple.product-type.bundle.unit-test";
		};
		B7BCAB1C2148969800DCCE3C /* FirstRealAppUITests */ = {
			isa = PBXNativeTarget;
			buildConfigurationList = B7BCAB2C2148969800DCCE3C /* Build configuration list for PBXNativeTarget "FirstRealAppUITests" */;
			buildPhases = (
				E0DD902CB4F48DADFFD166B1 /* [CP] Check Pods Manifest.lock */,
				B7BCAB192148969800DCCE3C /* Sources */,
				B7BCAB1A2148969800DCCE3C /* Frameworks */,
				B7BCAB1B2148969800DCCE3C /* Resources */,
			);
			buildRules = (
			);
			dependencies = (
				B7BCAB1F2148969800DCCE3C /* PBXTargetDependency */,
			);
			name = FirstRealAppUITests;
			productName = FirstRealAppUITests;
			productReference = B7BCAB1D2148969800DCCE3C /* FirstRealAppUITests.xctest */;
			productType = "com.apple.product-type.bundle.ui-testing";
		};
/* End PBXNativeTarget section */

/* Begin PBXProject section */
		B7BCAAF42148969500DCCE3C /* Project object */ = {
			isa = PBXProject;
			attributes = {
				LastSwiftUpdateCheck = 0940;
				LastUpgradeCheck = 0940;
				ORGANIZATIONNAME = BSU;
				TargetAttributes = {
					B7BCAAFB2148969500DCCE3C = {
						CreatedOnToolsVersion = 9.4.1;
					};
					B7BCAB112148969800DCCE3C = {
						CreatedOnToolsVersion = 9.4.1;
						TestTargetID = B7BCAAFB2148969500DCCE3C;
					};
					B7BCAB1C2148969800DCCE3C = {
						CreatedOnToolsVersion = 9.4.1;
						TestTargetID = B7BCAAFB2148969500DCCE3C;
					};
				};
			};
			buildConfigurationList = B7BCAAF72148969500DCCE3C /* Build configuration list for PBXProject "FirstRealApp" */;
			compatibilityVersion = "Xcode 9.3";
			developmentRegion = en;
			hasScannedForEncodings = 0;
			knownRegions = (
				en,
				Base,
			);
			mainGroup = B7BCAAF32148969500DCCE3C;
			productRefGroup = B7BCAAFD2148969500DCCE3C /* Products */;
			projectDirPath = "";
			projectRoot = "";
			targets = (
				B7BCAAFB2148969500DCCE3C /* FirstRealApp */,
				B7BCAB112148969800DCCE3C /* FirstRealAppTests */,
				B7BCAB1C2148969800DCCE3C /* FirstRealAppUITests */,
			);
		};
/* End PBXProject section */

/* Begin PBXResourcesBuildPhase section */
		B7BCAAFA2148969500DCCE3C /* Resources */ = {
			isa = PBXResourcesBuildPhase;
			buildActionMask = 2147483647;
			files = (
				B7BCAB0C2148969800DCCE3C /* LaunchScreen.storyboard in Resources */,
				B7BCAB092148969800DCCE3C /* Assets.xcassets in Resources */,
				B7BCAB072148969500DCCE3C /* Main.storyboard in Resources */,
			);
			runOnlyForDeploymentPostprocessing = 0;
		};
		B7BCAB102148969800DCCE3C /* Resources */ = {
			isa = PBXResourcesBuildPhase;
			buildActionMask = 2147483647;
			files = (
			);
			runOnlyForDeploymentPostprocessing = 0;
		};
		B7BCAB1B2148969800DCCE3C /* Resources */ = {
			isa = PBXResourcesBuildPhase;
			buildActionMask = 2147483647;
			files = (
			);
			runOnlyForDeploymentPostprocessing = 0;
		};
/* End PBXResourcesBuildPhase section */

/* Begin PBXShellScriptBuildPhase section */
		6C941962A6DDA43F834EC551 /* [CP] Embed Pods Frameworks */ = {
			isa = PBXShellScriptBuildPhase;
			buildActionMask = 2147483647;
			files = (
			);
			inputPaths = (
				"${SRCROOT}/Pods/Target Support Files/Pods-FirstRealApp/Pods-FirstRealApp-frameworks.sh",
				"${BUILT_PRODUCTS_DIR}/Alamofire/Alamofire.framework",
			);
			name = "[CP] Embed Pods Frameworks";
			outputPaths = (
				"${TARGET_BUILD_DIR}/${FRAMEWORKS_FOLDER_PATH}/Alamofire.framework",
			);
			runOnlyForDeploymentPostprocessing = 0;
			shellPath = /bin/sh;
			shellScript = "\"${SRCROOT}/Pods/Target Support Files/Pods-FirstRealApp/Pods-FirstRealApp-frameworks.sh\"\n";
			showEnvVarsInLog = 0;
		};
		8AC4BE583CCDF7B15C9B6A2B /* [CP] Check Pods Manifest.lock */ = {
			isa = PBXShellScriptBuildPhase;
			buildActionMask = 2147483647;
			files = (
			);
			inputPaths = (
				"${PODS_PODFILE_DIR_PATH}/Podfile.lock",
				"${PODS_ROOT}/Manifest.lock",
			);
			name = "[CP] Check Pods Manifest.lock";
			outputPaths = (
				"$(DERIVED_FILE_DIR)/Pods-FirstRealAppTests-checkManifestLockResult.txt",
			);
			runOnlyForDeploymentPostprocessing = 0;
			shellPath = /bin/sh;
			shellScript = "diff \"${PODS_PODFILE_DIR_PATH}/Podfile.lock\" \"${PODS_ROOT}/Manifest.lock\" > /dev/null\nif [ $? != 0 ] ; then\n    # print error to STDERR\n    echo \"error: The sandbox is not in sync with the Podfile.lock. Run 'pod install' or update your CocoaPods installation.\" >&2\n    exit 1\nfi\n# This output is used by Xcode 'outputs' to avoid re-running this script phase.\necho \"SUCCESS\" > \"${SCRIPT_OUTPUT_FILE_0}\"\n";
			showEnvVarsInLog = 0;
		};
		E0DD902CB4F48DADFFD166B1 /* [CP] Check Pods Manifest.lock */ = {
			isa = PBXShellScriptBuildPhase;
			buildActionMask = 2147483647;
			files = (
			);
			inputPaths = (
				"${PODS_PODFILE_DIR_PATH}/Podfile.lock",
				"${PODS_ROOT}/Manifest.lock",
			);
			name = "[CP] Check Pods Manifest.lock";
			outputPaths = (
				"$(DERIVED_FILE_DIR)/Pods-FirstRealAppUITests-checkManifestLockResult.txt",
			);
			runOnlyForDeploymentPostprocessing = 0;
			shellPath = /bin/sh;
			shellScript = "diff \"${PODS_PODFILE_DIR_PATH}/Podfile.lock\" \"${PODS_ROOT}/Manifest.lock\" > /dev/null\nif [ $? != 0 ] ; then\n    # print error to STDERR\n    echo \"error: The sandbox is not in sync with the Podfile.lock. Run 'pod install' or update your CocoaPods installation.\" >&2\n    exit 1\nfi\n# This output is used by Xcode 'outputs' to avoid re-running this script phase.\necho \"SUCCESS\" > \"${SCRIPT_OUTPUT_FILE_0}\"\n";
			showEnvVarsInLog = 0;
		};
		FD9D7816F2AC0226468DA7EF /* [CP] Check Pods Manifest.lock */ = {
			isa = PBXShellScriptBuildPhase;
			buildActionMask = 2147483647;
			files = (
			);
			inputPaths = (
				"${PODS_PODFILE_DIR_PATH}/Podfile.lock",
				"${PODS_ROOT}/Manifest.lock",
			);
			name = "[CP] Check Pods Manifest.lock";
			outputPaths = (
				"$(DERIVED_FILE_DIR)/Pods-FirstRealApp-checkManifestLockResult.txt",
			);
			runOnlyForDeploymentPostprocessing = 0;
			shellPath = /bin/sh;
			shellScript = "diff \"${PODS_PODFILE_DIR_PATH}/Podfile.lock\" \"${PODS_ROOT}/Manifest.lock\" > /dev/null\nif [ $? != 0 ] ; then\n    # print error to STDERR\n    echo \"error: The sandbox is not in sync with the Podfile.lock. Run 'pod install' or update your CocoaPods installation.\" >&2\n    exit 1\nfi\n# This output is used by Xcode 'outputs' to avoid re-running this script phase.\necho \"SUCCESS\" > \"${SCRIPT_OUTPUT_FILE_0}\"\n";
			showEnvVarsInLog = 0;
		};
/* End PBXShellScriptBuildPhase section */

/* Begin PBXSourcesBuildPhase section */
		B7BCAAF82148969500DCCE3C /* Sources */ = {
			isa = PBXSourcesBuildPhase;
			buildActionMask = 2147483647;
			files = (
				B7BCAB3621489DB300DCCE3C /* MainViewController.swift in Sources */,
				B7BCAB3421489D6D00DCCE3C /* LoginViewController.swift in Sources */,
				B7BCAB3221489AA900DCCE3C /* Restaurant.swift in Sources */,
				B7BCAB042148969500DCCE3C /* ListViewController.swift in Sources */,
				B7BCAB002148969500DCCE3C /* AppDelegate.swift in Sources */,
				B7BCAB3021489A7400DCCE3C /* RestaurantsController.swift in Sources */,
				B7BCAB022148969500DCCE3C /* MapViewController.swift in Sources */,
			);
			runOnlyForDeploymentPostprocessing = 0;
		};
		B7BCAB0E2148969800DCCE3C /* Sources */ = {
			isa = PBXSourcesBuildPhase;
			buildActionMask = 2147483647;
			files = (
				B7BCAB172148969800DCCE3C /* FirstRealAppTests.swift in Sources */,
			);
			runOnlyForDeploymentPostprocessing = 0;
		};
		B7BCAB192148969800DCCE3C /* Sources */ = {
			isa = PBXSourcesBuildPhase;
			buildActionMask = 2147483647;
			files = (
				B7BCAB222148969800DCCE3C /* FirstRealAppUITests.swift in Sources */,
			);
			runOnlyForDeploymentPostprocessing = 0;
		};
/* End PBXSourcesBuildPhase section */

/* Begin PBXTargetDependency section */
		B7BCAB142148969800DCCE3C /* PBXTargetDependency */ = {
			isa = PBXTargetDependency;
			target = B7BCAAFB2148969500DCCE3C /* FirstRealApp */;
			targetProxy = B7BCAB132148969800DCCE3C /* PBXContainerItemProxy */;
		};
		B7BCAB1F2148969800DCCE3C /* PBXTargetDependency */ = {
			isa = PBXTargetDependency;
			target = B7BCAAFB2148969500DCCE3C /* FirstRealApp */;
			targetProxy = B7BCAB1E2148969800DCCE3C /* PBXContainerItemProxy */;
		};
/* End PBXTargetDependency section */

/* Begin PBXVariantGroup section */
		B7BCAB052148969500DCCE3C /* Main.storyboard */ = {
			isa = PBXVariantGroup;
			children = (
				B7BCAB062148969500DCCE3C /* Base */,
			);
			name = Main.storyboard;
			sourceTree = "<group>";
		};
		B7BCAB0A2148969800DCCE3C /* LaunchScreen.storyboard */ = {
			isa = PBXVariantGroup;
			children = (
				B7BCAB0B2148969800DCCE3C /* Base */,
			);
			name = LaunchScreen.storyboard;
			sourceTree = "<group>";
		};
/* End PBXVariantGroup section */

/* Begin XCBuildConfiguration section */
		B7BCAB242148969800DCCE3C /* Debug */ = {
			isa = XCBuildConfiguration;
			buildSettings = {
				ALWAYS_SEARCH_USER_PATHS = NO;
				CLANG_ANALYZER_NONNULL = YES;
				CLANG_ANALYZER_NUMBER_OBJECT_CONVERSION = YES_AGGRESSIVE;
				CLANG_CXX_LANGUAGE_STANDARD = "gnu++14";
				CLANG_CXX_LIBRARY = "libc++";
				CLANG_ENABLE_MODULES = YES;
				CLANG_ENABLE_OBJC_ARC = YES;
				CLANG_ENABLE_OBJC_WEAK = YES;
				CLANG_WARN_BLOCK_CAPTURE_AUTORELEASING = YES;
				CLANG_WARN_BOOL_CONVERSION = YES;
				CLANG_WARN_COMMA = YES;
				CLANG_WARN_CONSTANT_CONVERSION = YES;
				CLANG_WARN_DEPRECATED_OBJC_IMPLEMENTATIONS = YES;
				CLANG_WARN_DIRECT_OBJC_ISA_USAGE = YES_ERROR;
				CLANG_WARN_DOCUMENTATION_COMMENTS = YES;
				CLANG_WARN_EMPTY_BODY = YES;
				CLANG_WARN_ENUM_CONVERSION = YES;
				CLANG_WARN_INFINITE_RECURSION = YES;
				CLANG_WARN_INT_CONVERSION = YES;
				CLANG_WARN_NON_LITERAL_NULL_CONVERSION = YES;
				CLANG_WARN_OBJC_IMPLICIT_RETAIN_SELF = YES;
				CLANG_WARN_OBJC_LITERAL_CONVERSION = YES;
				CLANG_WARN_OBJC_ROOT_CLASS = YES_ERROR;
				CLANG_WARN_RANGE_LOOP_ANALYSIS = YES;
				CLANG_WARN_STRICT_PROTOTYPES = YES;
				CLANG_WARN_SUSPICIOUS_MOVE = YES;
				CLANG_WARN_UNGUARDED_AVAILABILITY = YES_AGGRESSIVE;
				CLANG_WARN_UNREACHABLE_CODE = YES;
				CLANG_WARN__DUPLICATE_METHOD_MATCH = YES;
				CODE_SIGN_IDENTITY = "iPhone Developer";
				COPY_PHASE_STRIP = NO;
				DEBUG_INFORMATION_FORMAT = dwarf;
				ENABLE_STRICT_OBJC_MSGSEND = YES;
				ENABLE_TESTABILITY = YES;
				GCC_C_LANGUAGE_STANDARD = gnu11;
				GCC_DYNAMIC_NO_PIC = NO;
				GCC_NO_COMMON_BLOCKS = YES;
				GCC_OPTIMIZATION_LEVEL = 0;
				GCC_PREPROCESSOR_DEFINITIONS = (
					"DEBUG=1",
					"$(inherited)",
				);
				GCC_WARN_64_TO_32_BIT_CONVERSION = YES;
				GCC_WARN_ABOUT_RETURN_TYPE = YES_ERROR;
				GCC_WARN_UNDECLARED_SELECTOR = YES;
				GCC_WARN_UNINITIALIZED_AUTOS = YES_AGGRESSIVE;
				GCC_WARN_UNUSED_FUNCTION = YES;
				GCC_WARN_UNUSED_VARIABLE = YES;
				IPHONEOS_DEPLOYMENT_TARGET = 11.4;
				MTL_ENABLE_DEBUG_INFO = YES;
				ONLY_ACTIVE_ARCH = YES;
				SDKROOT = iphoneos;
				SWIFT_ACTIVE_COMPILATION_CONDITIONS = DEBUG;
				SWIFT_OPTIMIZATION_LEVEL = "-Onone";
			};
			name = Debug;
		};
		B7BCAB252148969800DCCE3C /* Release */ = {
			isa = XCBuildConfiguration;
			buildSettings = {
				ALWAYS_SEARCH_USER_PATHS = NO;
				CLANG_ANALYZER_NONNULL = YES;
				CLANG_ANALYZER_NUMBER_OBJECT_CONVERSION = YES_AGGRESSIVE;
				CLANG_CXX_LANGUAGE_STANDARD = "gnu++14";
				CLANG_CXX_LIBRARY = "libc++";
				CLANG_ENABLE_MODULES = YES;
				CLANG_ENABLE_OBJC_ARC = YES;
				CLANG_ENABLE_OBJC_WEAK = YES;
				CLANG_WARN_BLOCK_CAPTURE_AUTORELEASING = YES;
				CLANG_WARN_BOOL_CONVERSION = YES;
				CLANG_WARN_COMMA = YES;
				CLANG_WARN_CONSTANT_CONVERSION = YES;
				CLANG_WARN_DEPRECATED_OBJC_IMPLEMENTATIONS = YES;
				CLANG_WARN_DIRECT_OBJC_ISA_USAGE = YES_ERROR;
				CLANG_WARN_DOCUMENTATION_COMMENTS = YES;
				CLANG_WARN_EMPTY_BODY = YES;
				CLANG_WARN_ENUM_CONVERSION = YES;
				CLANG_WARN_INFINITE_RECURSION = YES;
				CLANG_WARN_INT_CONVERSION = YES;
				CLANG_WARN_NON_LITERAL_NULL_CONVERSION = YES;
				CLANG_WARN_OBJC_IMPLICIT_RETAIN_SELF = YES;
				CLANG_WARN_OBJC_LITERAL_CONVERSION = YES;
				CLANG_WARN_OBJC_ROOT_CLASS = YES_ERROR;
				CLANG_WARN_RANGE_LOOP_ANALYSIS = YES;
				CLANG_WARN_STRICT_PROTOTYPES = YES;
				CLANG_WARN_SUSPICIOUS_MOVE = YES;
				CLANG_WARN_UNGUARDED_AVAILABILITY = YES_AGGRESSIVE;
				CLANG_WARN_UNREACHABLE_CODE = YES;
				CLANG_WARN__DUPLICATE_METHOD_MATCH = YES;
				CODE_SIGN_IDENTITY = "iPhone Developer";
				COPY_PHASE_STRIP = NO;
				DEBUG_INFORMATION_FORMAT = "dwarf-with-dsym";
				ENABLE_NS_ASSERTIONS = NO;
				ENABLE_STRICT_OBJC_MSGSEND = YES;
				GCC_C_LANGUAGE_STANDARD = gnu11;
				GCC_NO_COMMON_BLOCKS = YES;
				GCC_WARN_64_TO_32_BIT_CONVERSION = YES;
				GCC_WARN_ABOUT_RETURN_TYPE = YES_ERROR;
				GCC_WARN_UNDECLARED_SELECTOR = YES;
				GCC_WARN_UNINITIALIZED_AUTOS = YES_AGGRESSIVE;
				GCC_WARN_UNUSED_FUNCTION = YES;
				GCC_WARN_UNUSED_VARIABLE = YES;
				IPHONEOS_DEPLOYMENT_TARGET = 11.4;
				MTL_ENABLE_DEBUG_INFO = NO;
				SDKROOT = iphoneos;
				SWIFT_COMPILATION_MODE = wholemodule;
				SWIFT_OPTIMIZATION_LEVEL = "-O";
				VALIDATE_PRODUCT = YES;
			};
			name = Release;
		};
		B7BCAB272148969800DCCE3C /* Debug */ = {
			isa = XCBuildConfiguration;
			baseConfigurationReference = 07341C30250BF01B1C33FD7C /* Pods-FirstRealApp.debug.xcconfig */;
			buildSettings = {
				ASSETCATALOG_COMPILER_APPICON_NAME = AppIcon;
				CODE_SIGN_STYLE = Automatic;
				INFOPLIST_FILE = FirstRealApp/Info.plist;
				LD_RUNPATH_SEARCH_PATHS = "$(inherited) @executable_path/Frameworks";
				PRODUCT_BUNDLE_IDENTIFIER = edu.boisestate.FirstRealApp;
				PRODUCT_NAME = "$(TARGET_NAME)";
				SWIFT_VERSION = 4.0;
				TARGETED_DEVICE_FAMILY = "1,2";
			};
			name = Debug;
		};
		B7BCAB282148969800DCCE3C /* Release */ = {
			isa = XCBuildConfiguration;
			baseConfigurationReference = F3108FEAFFDF671E7DE756CE /* Pods-FirstRealApp.release.xcconfig */;
			buildSettings = {
				ASSETCATALOG_COMPILER_APPICON_NAME = AppIcon;
				CODE_SIGN_STYLE = Automatic;
				INFOPLIST_FILE = FirstRealApp/Info.plist;
				LD_RUNPATH_SEARCH_PATHS = "$(inherited) @executable_path/Frameworks";
				PRODUCT_BUNDLE_IDENTIFIER = edu.boisestate.FirstRealApp;
				PRODUCT_NAME = "$(TARGET_NAME)";
				SWIFT_VERSION = 4.0;
				TARGETED_DEVICE_FAMILY = "1,2";
			};
			name = Release;
		};
		B7BCAB2A2148969800DCCE3C /* Debug */ = {
			isa = XCBuildConfiguration;
			baseConfigurationReference = 5C291998D10390BDFA4D65C8 /* Pods-FirstRealAppTests.debug.xcconfig */;
			buildSettings = {
				ALWAYS_EMBED_SWIFT_STANDARD_LIBRARIES = YES;
				BUNDLE_LOADER = "$(TEST_HOST)";
				CODE_SIGN_STYLE = Automatic;
				INFOPLIST_FILE = FirstRealAppTests/Info.plist;
				LD_RUNPATH_SEARCH_PATHS = "$(inherited) @executable_path/Frameworks @loader_path/Frameworks";
				PRODUCT_BUNDLE_IDENTIFIER = edu.boisestate.FirstRealAppTests;
				PRODUCT_NAME = "$(TARGET_NAME)";
				SWIFT_VERSION = 4.0;
				TARGETED_DEVICE_FAMILY = "1,2";
				TEST_HOST = "$(BUILT_PRODUCTS_DIR)/FirstRealApp.app/FirstRealApp";
			};
			name = Debug;
		};
		B7BCAB2B2148969800DCCE3C /* Release */ = {
			isa = XCBuildConfiguration;
			baseConfigurationReference = F34801063CC9DA79866C0BB1 /* Pods-FirstRealAppTests.release.xcconfig */;
			buildSettings = {
				ALWAYS_EMBED_SWIFT_STANDARD_LIBRARIES = YES;
				BUNDLE_LOADER = "$(TEST_HOST)";
				CODE_SIGN_STYLE = Automatic;
				INFOPLIST_FILE = FirstRealAppTests/Info.plist;
				LD_RUNPATH_SEARCH_PATHS = "$(inherited) @executable_path/Frameworks @loader_path/Frameworks";
				PRODUCT_BUNDLE_IDENTIFIER = edu.boisestate.FirstRealAppTests;
				PRODUCT_NAME = "$(TARGET_NAME)";
				SWIFT_VERSION = 4.0;
				TARGETED_DEVICE_FAMILY = "1,2";
				TEST_HOST = "$(BUILT_PRODUCTS_DIR)/FirstRealApp.app/FirstRealApp";
			};
			name = Release;
		};
		B7BCAB2D2148969800DCCE3C /* Debug */ = {
			isa = XCBuildConfiguration;
			baseConfigurationReference = FE06B58DAC9B31D17C8385D3 /* Pods-FirstRealAppUITests.debug.xcconfig */;
			buildSettings = {
				ALWAYS_EMBED_SWIFT_STANDARD_LIBRARIES = YES;
				CODE_SIGN_STYLE = Automatic;
				INFOPLIST_FILE = FirstRealAppUITests/Info.plist;
				LD_RUNPATH_SEARCH_PATHS = "$(inherited) @executable_path/Frameworks @loader_path/Frameworks";
				PRODUCT_BUNDLE_IDENTIFIER = edu.boisestate.FirstRealAppUITests;
				PRODUCT_NAME = "$(TARGET_NAME)";
				SWIFT_VERSION = 4.0;
				TARGETED_DEVICE_FAMILY = "1,2";
				TEST_TARGET_NAME = FirstRealApp;
			};
			name = Debug;
		};
		B7BCAB2E2148969800DCCE3C /* Release */ = {
			isa = XCBuildConfiguration;
			baseConfigurationReference = 46B26064EE29A2241DA0A8BA /* Pods-FirstRealAppUITests.release.xcconfig */;
			buildSettings = {
				ALWAYS_EMBED_SWIFT_STANDARD_LIBRARIES = YES;
				CODE_SIGN_STYLE = Automatic;
				INFOPLIST_FILE = FirstRealAppUITests/Info.plist;
				LD_RUNPATH_SEARCH_PATHS = "$(inherited) @executable_path/Frameworks @loader_path/Frameworks";
				PRODUCT_BUNDLE_IDENTIFIER = edu.boisestate.FirstRealAppUITests;
				PRODUCT_NAME = "$(TARGET_NAME)";
				SWIFT_VERSION = 4.0;
				TARGETED_DEVICE_FAMILY = "1,2";
				TEST_TARGET_NAME = FirstRealApp;
			};
			name = Release;
		};
/* End XCBuildConfiguration section */

/* Begin XCConfigurationList section */
		B7BCAAF72148969500DCCE3C /* Build configuration list for PBXProject "FirstRealApp" */ = {
			isa = XCConfigurationList;
			buildConfigurations = (
				B7BCAB242148969800DCCE3C /* Debug */,
				B7BCAB252148969800DCCE3C /* Release */,
			);
			defaultConfigurationIsVisible = 0;
			defaultConfigurationName = Release;
		};
		B7BCAB262148969800DCCE3C /* Build configuration list for PBXNativeTarget "FirstRealApp" */ = {
			isa = XCConfigurationList;
			buildConfigurations = (
				B7BCAB272148969800DCCE3C /* Debug */,
				B7BCAB282148969800DCCE3C /* Release */,
			);
			defaultConfigurationIsVisible = 0;
			defaultConfigurationName = Release;
		};
		B7BCAB292148969800DCCE3C /* Build configuration list for PBXNativeTarget "FirstRealAppTests" */ = {
			isa = XCConfigurationList;
			buildConfigurations = (
				B7BCAB2A2148969800DCCE3C /* Debug */,
				B7BCAB2B2148969800DCCE3C /* Release */,
			);
			defaultConfigurationIsVisible = 0;
			defaultConfigurationName = Release;
		};
		B7BCAB2C2148969800DCCE3C /* Build configuration list for PBXNativeTarget "FirstRealAppUITests" */ = {
			isa = XCConfigurationList;
			buildConfigurations = (
				B7BCAB2D2148969800DCCE3C /* Debug */,
				B7BCAB2E2148969800DCCE3C /* Release */,
			);
			defaultConfigurationIsVisible = 0;
			defaultConfigurationName = Release;
		};
/* End XCConfigurationList section */
	};
	rootObject = B7BCAAF42148969500DCCE3C /* Project object */;
}
